<?xml version="1.0" encoding="utf-8"?>
<Project ToolsVersion="4.0" xmlns="http://schemas.microsoft.com/developer/msbuild/2003">
  <ItemGroup>
    <ClCompile Include="..\..\lib\src\apngasm.cpp" />
    <ClCompile Include="..\..\lib\src\apngframe.cpp" />
    <ClCompile Include="..\..\lib\src\listener\apngasmlistener.cpp">
      <Filter>listener</Filter>
    </ClCompile>
  </ItemGroup>
  <ItemGroup>
    <ClInclude Include="..\..\lib\src\apngasm.h" />
    <ClInclude Include="..\..\lib\src\apngasm-conf.h" />
    <ClInclude Include="..\..\lib\src\apngasm-version.h" />
    <ClInclude Include="..\..\lib\src\apngframe.h" />
    <ClInclude Include="..\..\lib\src\listener\apngasmlistener.h">
      <Filter>listener</Filter>
    </ClInclude>
  </ItemGroup>
  <ItemGroup>
    <Filter Include="listener">
      <UniqueIdentifier>{74a6bbf6-7578-49bf-b3a6-9453c9f2ba74}</UniqueIdentifier>
    </Filter>
  </ItemGroup>
</Project>