<?xml version="1.0" encoding="utf-8"?>
<Project ToolsVersion="4.0" xmlns="http://schemas.microsoft.com/developer/msbuild/2003">
  <ItemGroup>
    <ClCompile Include="..\..\lib\src\apngasm.cpp" />
    <ClCompile Include="..\..\lib\src\apngframe.cpp" />
    <ClCompile Include="..\..\lib\src\listener\apngasmlistener.cpp">
      <Filter>listener</Filter>
    </ClCompile>
    <ClCompile Include="..\..\lib\src\spec\specreader.cpp">
      <Filter>spec</Filter>
    </ClCompile>
    <ClCompile Include="..\..\lib\src\spec\specwriter.cpp">
      <Filter>spec</Filter>
    </ClCompile>
    <ClCompile Include="..\..\lib\src\spec\priv\specreaderimpl.cpp">
      <Filter>spec\priv</Filter>
    </ClCompile>
    <ClCompile Include="..\..\lib\src\spec\priv\specwriterimpl.cpp">
      <Filter>spec\priv</Filter>
    </ClCompile>
  </ItemGroup>
  <ItemGroup>
    <ClInclude Include="..\..\lib\src\apngasm.h" />
    <ClInclude Include="..\..\lib\src\apngasm-conf.h" />
    <ClInclude Include="..\..\lib\src\apngframe.h" />
    <ClInclude Include="..\..\lib\src\listener\apngasmlistener.h">
      <Filter>listener</Filter>
    </ClInclude>
    <ClInclude Include="..\..\lib\src\spec\specreader.h">
      <Filter>spec</Filter>
    </ClInclude>
    <ClInclude Include="..\..\lib\src\spec\specwriter.h">
      <Filter>spec</Filter>
    </ClInclude>
    <ClInclude Include="..\..\lib\src\spec\priv\specreaderimpl.h">
      <Filter>spec\priv</Filter>
    </ClInclude>
    <ClInclude Include="..\..\lib\src\spec\priv\specwriterimpl.h">
      <Filter>spec\priv</Filter>
    </ClInclude>
  </ItemGroup>
  <ItemGroup>
    <Filter Include="listener">
      <UniqueIdentifier>{74a6bbf6-7578-49bf-b3a6-9453c9f2ba74}</UniqueIdentifier>
    </Filter>
    <Filter Include="spec">
      <UniqueIdentifier>{fd40994c-b0f8-4e7a-b0bd-d72631d19b1d}</UniqueIdentifier>
    </Filter>
    <Filter Include="spec\priv">
      <UniqueIdentifier>{d8fb309a-4f84-489f-af2f-7ea173237b11}</UniqueIdentifier>
    </Filter>
  </ItemGroup>
</Project>